
Microsoft Visual Studio Solution File, Format Version 12.00
# Visual Studio 15
Project("{FAE04EC0-301F-11D3-BF4B-00C04F79EFBC}") = "Assembly-CSharp-firstpass", "Assembly-CSharp-firstpass.csproj", "{8C394A0C-0F9F-4564-69C9-D489D31089E9}"
EndProject
Project("{FAE04EC0-301F-11D3-BF4B-00C04F79EFBC}") = "Assembly-CSharp", "Assembly-CSharp.csproj", "{93EC7AF3-5AD2-79EF-0A07-135F3FE2AA6A}"
EndProject
Project("{FAE04EC0-301F-11D3-BF4B-00C04F79EFBC}") = "Assembly-CSharp-Editor-firstpass", "Assembly-CSharp-Editor-firstpass.csproj", "{6B13FAE2-6784-97DB-8428-E9533677568C}"
EndProject
Project("{FAE04EC0-301F-11D3-BF4B-00C04F79EFBC}") = "OccaSoftware.Crosshairs.Editor", "OccaSoftware.Crosshairs.Editor.csproj", "{A76DE637-A248-994F-0818-AF725E19299E}"
EndProject
Global
	GlobalSection(SolutionConfigurationPlatforms) = preSolution
		Debug|Any CPU = Debug|Any CPU
		Release|Any CPU = Release|Any CPU
	EndGlobalSection
	GlobalSection(ProjectConfigurationPlatforms) = postSolution
		{8C394A0C-0F9F-4564-69C9-D489D31089E9}.Debug|Any CPU.ActiveCfg = Debug|Any CPU
		{8C394A0C-0F9F-4564-69C9-D489D31089E9}.Debug|Any CPU.Build.0 = Debug|Any CPU
		{8C394A0C-0F9F-4564-69C9-D489D31089E9}.Release|Any CPU.ActiveCfg = Release|Any CPU
		{8C394A0C-0F9F-4564-69C9-D489D31089E9}.Release|Any CPU.Build.0 = Release|Any CPU
		{93EC7AF3-5AD2-79EF-0A07-135F3FE2AA6A}.Debug|Any CPU.ActiveCfg = Debug|Any CPU
		{93EC7AF3-5AD2-79EF-0A07-135F3FE2AA6A}.Debug|Any CPU.Build.0 = Debug|Any CPU
		{93EC7AF3-5AD2-79EF-0A07-135F3FE2AA6A}.Release|Any CPU.ActiveCfg = Release|Any CPU
		{93EC7AF3-5AD2-79EF-0A07-135F3FE2AA6A}.Release|Any CPU.Build.0 = Release|Any CPU
		{6B13FAE2-6784-97DB-8428-E9533677568C}.Debug|Any CPU.ActiveCfg = Debug|Any CPU
		{6B13FAE2-6784-97DB-8428-E9533677568C}.Debug|Any CPU.Build.0 = Debug|Any CPU
		{6B13FAE2-6784-97DB-8428-E9533677568C}.Release|Any CPU.ActiveCfg = Release|Any CPU
		{6B13FAE2-6784-97DB-8428-E9533677568C}.Release|Any CPU.Build.0 = Release|Any CPU
		{A76DE637-A248-994F-0818-AF725E19299E}.Debug|Any CPU.ActiveCfg = Debug|Any CPU
		{A76DE637-A248-994F-0818-AF725E19299E}.Debug|Any CPU.Build.0 = Debug|Any CPU
		{A76DE637-A248-994F-0818-AF725E19299E}.Release|Any CPU.ActiveCfg = Release|Any CPU
		{A76DE637-A248-994F-0818-AF725E19299E}.Release|Any CPU.Build.0 = Release|Any CPU
	EndGlobalSection
	GlobalSection(SolutionProperties) = preSolution
		HideSolutionNode = FALSE
	EndGlobalSection
EndGlobal
