
Microsoft Visual Studio Solution File, Format Version 12.00
# Visual Studio 15
Project("{FAE04EC0-301F-11D3-BF4B-00C04F79EFBC}") = "Assembly-CSharp-firstpass", "Assembly-CSharp-firstpass.csproj", "{158F0C90-59D7-58C1-C2C8-95017004337A}"
EndProject
Project("{FAE04EC0-301F-11D3-BF4B-00C04F79EFBC}") = "Assembly-CSharp", "Assembly-CSharp.csproj", "{138F7852-DA70-A501-B617-FB42655C362D}"
EndProject
Project("{FAE04EC0-301F-11D3-BF4B-00C04F79EFBC}") = "Assembly-CSharp-Editor-firstpass", "Assembly-CSharp-Editor-firstpass.csproj", "{754280C4-DA33-20CE-FE16-983DB4A6950F}"
EndProject
Project("{FAE04EC0-301F-11D3-BF4B-00C04F79EFBC}") = "OccaSoftware.Crosshairs.Editor", "OccaSoftware.Crosshairs.Editor.csproj", "{D0E1CFB6-A985-BD8F-DCB5-4513FB2BD4D1}"
EndProject
Global
	GlobalSection(SolutionConfigurationPlatforms) = preSolution
		Debug|Any CPU = Debug|Any CPU
		Release|Any CPU = Release|Any CPU
	EndGlobalSection
	GlobalSection(ProjectConfigurationPlatforms) = postSolution
		{158F0C90-59D7-58C1-C2C8-95017004337A}.Debug|Any CPU.ActiveCfg = Debug|Any CPU
		{158F0C90-59D7-58C1-C2C8-95017004337A}.Debug|Any CPU.Build.0 = Debug|Any CPU
		{158F0C90-59D7-58C1-C2C8-95017004337A}.Release|Any CPU.ActiveCfg = Release|Any CPU
		{158F0C90-59D7-58C1-C2C8-95017004337A}.Release|Any CPU.Build.0 = Release|Any CPU
		{138F7852-DA70-A501-B617-FB42655C362D}.Debug|Any CPU.ActiveCfg = Debug|Any CPU
		{138F7852-DA70-A501-B617-FB42655C362D}.Debug|Any CPU.Build.0 = Debug|Any CPU
		{138F7852-DA70-A501-B617-FB42655C362D}.Release|Any CPU.ActiveCfg = Release|Any CPU
		{138F7852-DA70-A501-B617-FB42655C362D}.Release|Any CPU.Build.0 = Release|Any CPU
		{754280C4-DA33-20CE-FE16-983DB4A6950F}.Debug|Any CPU.ActiveCfg = Debug|Any CPU
		{754280C4-DA33-20CE-FE16-983DB4A6950F}.Debug|Any CPU.Build.0 = Debug|Any CPU
		{754280C4-DA33-20CE-FE16-983DB4A6950F}.Release|Any CPU.ActiveCfg = Release|Any CPU
		{754280C4-DA33-20CE-FE16-983DB4A6950F}.Release|Any CPU.Build.0 = Release|Any CPU
		{D0E1CFB6-A985-BD8F-DCB5-4513FB2BD4D1}.Debug|Any CPU.ActiveCfg = Debug|Any CPU
		{D0E1CFB6-A985-BD8F-DCB5-4513FB2BD4D1}.Debug|Any CPU.Build.0 = Debug|Any CPU
		{D0E1CFB6-A985-BD8F-DCB5-4513FB2BD4D1}.Release|Any CPU.ActiveCfg = Release|Any CPU
		{D0E1CFB6-A985-BD8F-DCB5-4513FB2BD4D1}.Release|Any CPU.Build.0 = Release|Any CPU
	EndGlobalSection
	GlobalSection(SolutionProperties) = preSolution
		HideSolutionNode = FALSE
	EndGlobalSection
EndGlobal
